
Microsoft Visual Studio Solution File, Format Version 12.00
# Visual Studio 14
VisualStudioVersion = 14.0.23107.0
MinimumVisualStudioVersion = 10.0.40219.1
Project("{FAE04EC0-301F-11D3-BF4B-00C04F79EFBC}") = "Reverse String", "Reverse String\Reverse String.csproj", "{8B1BCE7D-ED2B-4314-828F-C07EF48D2F09}"
EndProject
Project("{FAE04EC0-301F-11D3-BF4B-00C04F79EFBC}") = "String Length", "String Length\String Length.csproj", "{FD250686-C463-4CA4-9802-5B1C7A8558D1}"
EndProject
Project("{FAE04EC0-301F-11D3-BF4B-00C04F79EFBC}") = "Count Substring Occurrences", "Count Substring Occurrences\Count Substring Occurrences.csproj", "{9FC00FF3-91CB-4523-8120-E1861EB95833}"
EndProject
Project("{FAE04EC0-301F-11D3-BF4B-00C04F79EFBC}") = "Unicode Characters", "Unicode Characters\Unicode Characters.csproj", "{49D17406-364A-41AA-B2A8-0AFA79FCB5B1}"
EndProject
Global
	GlobalSection(SolutionConfigurationPlatforms) = preSolution
		Debug|Any CPU = Debug|Any CPU
		Release|Any CPU = Release|Any CPU
	EndGlobalSection
	GlobalSection(ProjectConfigurationPlatforms) = postSolution
		{8B1BCE7D-ED2B-4314-828F-C07EF48D2F09}.Debug|Any CPU.ActiveCfg = Debug|Any CPU
		{8B1BCE7D-ED2B-4314-828F-C07EF48D2F09}.Debug|Any CPU.Build.0 = Debug|Any CPU
		{8B1BCE7D-ED2B-4314-828F-C07EF48D2F09}.Release|Any CPU.ActiveCfg = Release|Any CPU
		{8B1BCE7D-ED2B-4314-828F-C07EF48D2F09}.Release|Any CPU.Build.0 = Release|Any CPU
		{FD250686-C463-4CA4-9802-5B1C7A8558D1}.Debug|Any CPU.ActiveCfg = Debug|Any CPU
		{FD250686-C463-4CA4-9802-5B1C7A8558D1}.Debug|Any CPU.Build.0 = Debug|Any CPU
		{FD250686-C463-4CA4-9802-5B1C7A8558D1}.Release|Any CPU.ActiveCfg = Release|Any CPU
		{FD250686-C463-4CA4-9802-5B1C7A8558D1}.Release|Any CPU.Build.0 = Release|Any CPU
		{9FC00FF3-91CB-4523-8120-E1861EB95833}.Debug|Any CPU.ActiveCfg = Debug|Any CPU
		{9FC00FF3-91CB-4523-8120-E1861EB95833}.Debug|Any CPU.Build.0 = Debug|Any CPU
		{9FC00FF3-91CB-4523-8120-E1861EB95833}.Release|Any CPU.ActiveCfg = Release|Any CPU
		{9FC00FF3-91CB-4523-8120-E1861EB95833}.Release|Any CPU.Build.0 = Release|Any CPU
		{49D17406-364A-41AA-B2A8-0AFA79FCB5B1}.Debug|Any CPU.ActiveCfg = Debug|Any CPU
		{49D17406-364A-41AA-B2A8-0AFA79FCB5B1}.Debug|Any CPU.Build.0 = Debug|Any CPU
		{49D17406-364A-41AA-B2A8-0AFA79FCB5B1}.Release|Any CPU.ActiveCfg = Release|Any CPU
		{49D17406-364A-41AA-B2A8-0AFA79FCB5B1}.Release|Any CPU.Build.0 = Release|Any CPU
	EndGlobalSection
	GlobalSection(SolutionProperties) = preSolution
		HideSolutionNode = FALSE
	EndGlobalSection
EndGlobal
