
Microsoft Visual Studio Solution File, Format Version 12.00
# Visual Studio 14
VisualStudioVersion = 14.0.23107.0
MinimumVisualStudioVersion = 10.0.40219.1
Project("{FAE04EC0-301F-11D3-BF4B-00C04F79EFBC}") = "Fill the Matrix(v1)", "Fill the Matrix\Fill the Matrix(v1).csproj", "{FF9CE8C2-BD6E-4DAA-869A-6A492A75D44F}"
EndProject
Project("{FAE04EC0-301F-11D3-BF4B-00C04F79EFBC}") = "Fill the Matrix(v2)", "Fill the Matrix(v2)\Fill the Matrix(v2).csproj", "{F454A433-16B0-4646-9F32-3E1E53F678C5}"
EndProject
Project("{FAE04EC0-301F-11D3-BF4B-00C04F79EFBC}") = "Maximal Sum", "Maximal Sum\Maximal Sum.csproj", "{CEE249C4-D3A1-4880-8170-FFA570715283}"
EndProject
Project("{FAE04EC0-301F-11D3-BF4B-00C04F79EFBC}") = "Matrix shuffling", "Matrix shuffling\Matrix shuffling.csproj", "{60276A55-07F1-4277-925A-B1834E20E7E1}"
EndProject
Project("{FAE04EC0-301F-11D3-BF4B-00C04F79EFBC}") = "Sequence in Matrix", "Sequence in Matrix\Sequence in Matrix.csproj", "{3E814AFD-DC13-460C-8D5C-67B0761D2091}"
EndProject
Global
	GlobalSection(SolutionConfigurationPlatforms) = preSolution
		Debug|Any CPU = Debug|Any CPU
		Release|Any CPU = Release|Any CPU
	EndGlobalSection
	GlobalSection(ProjectConfigurationPlatforms) = postSolution
		{FF9CE8C2-BD6E-4DAA-869A-6A492A75D44F}.Debug|Any CPU.ActiveCfg = Debug|Any CPU
		{FF9CE8C2-BD6E-4DAA-869A-6A492A75D44F}.Debug|Any CPU.Build.0 = Debug|Any CPU
		{FF9CE8C2-BD6E-4DAA-869A-6A492A75D44F}.Release|Any CPU.ActiveCfg = Release|Any CPU
		{FF9CE8C2-BD6E-4DAA-869A-6A492A75D44F}.Release|Any CPU.Build.0 = Release|Any CPU
		{F454A433-16B0-4646-9F32-3E1E53F678C5}.Debug|Any CPU.ActiveCfg = Debug|Any CPU
		{F454A433-16B0-4646-9F32-3E1E53F678C5}.Debug|Any CPU.Build.0 = Debug|Any CPU
		{F454A433-16B0-4646-9F32-3E1E53F678C5}.Release|Any CPU.ActiveCfg = Release|Any CPU
		{F454A433-16B0-4646-9F32-3E1E53F678C5}.Release|Any CPU.Build.0 = Release|Any CPU
		{CEE249C4-D3A1-4880-8170-FFA570715283}.Debug|Any CPU.ActiveCfg = Debug|Any CPU
		{CEE249C4-D3A1-4880-8170-FFA570715283}.Debug|Any CPU.Build.0 = Debug|Any CPU
		{CEE249C4-D3A1-4880-8170-FFA570715283}.Release|Any CPU.ActiveCfg = Release|Any CPU
		{CEE249C4-D3A1-4880-8170-FFA570715283}.Release|Any CPU.Build.0 = Release|Any CPU
		{60276A55-07F1-4277-925A-B1834E20E7E1}.Debug|Any CPU.ActiveCfg = Debug|Any CPU
		{60276A55-07F1-4277-925A-B1834E20E7E1}.Debug|Any CPU.Build.0 = Debug|Any CPU
		{60276A55-07F1-4277-925A-B1834E20E7E1}.Release|Any CPU.ActiveCfg = Release|Any CPU
		{60276A55-07F1-4277-925A-B1834E20E7E1}.Release|Any CPU.Build.0 = Release|Any CPU
		{3E814AFD-DC13-460C-8D5C-67B0761D2091}.Debug|Any CPU.ActiveCfg = Debug|Any CPU
		{3E814AFD-DC13-460C-8D5C-67B0761D2091}.Debug|Any CPU.Build.0 = Debug|Any CPU
		{3E814AFD-DC13-460C-8D5C-67B0761D2091}.Release|Any CPU.ActiveCfg = Release|Any CPU
		{3E814AFD-DC13-460C-8D5C-67B0761D2091}.Release|Any CPU.Build.0 = Release|Any CPU
	EndGlobalSection
	GlobalSection(SolutionProperties) = preSolution
		HideSolutionNode = FALSE
	EndGlobalSection
EndGlobal
