
Microsoft Visual Studio Solution File, Format Version 12.00
# Visual Studio 14
VisualStudioVersion = 14.0.23107.0
MinimumVisualStudioVersion = 10.0.40219.1
Project("{FAE04EC0-301F-11D3-BF4B-00C04F79EFBC}") = "Ex1_Bookshop", "Ex1_Bookshop\Ex1_Bookshop.csproj", "{AA6A8B9D-CE69-49BB-9BD2-79504C97B74B}"
EndProject
Project("{FAE04EC0-301F-11D3-BF4B-00C04F79EFBC}") = "Ex2_Abstraction", "Ex2_Abstraction\Ex2_Abstraction.csproj", "{76D9C37A-B799-4075-867A-D10DE59AA936}"
EndProject
Global
	GlobalSection(SolutionConfigurationPlatforms) = preSolution
		Debug|Any CPU = Debug|Any CPU
		Release|Any CPU = Release|Any CPU
	EndGlobalSection
	GlobalSection(ProjectConfigurationPlatforms) = postSolution
		{AA6A8B9D-CE69-49BB-9BD2-79504C97B74B}.Debug|Any CPU.ActiveCfg = Debug|Any CPU
		{AA6A8B9D-CE69-49BB-9BD2-79504C97B74B}.Debug|Any CPU.Build.0 = Debug|Any CPU
		{AA6A8B9D-CE69-49BB-9BD2-79504C97B74B}.Release|Any CPU.ActiveCfg = Release|Any CPU
		{AA6A8B9D-CE69-49BB-9BD2-79504C97B74B}.Release|Any CPU.Build.0 = Release|Any CPU
		{76D9C37A-B799-4075-867A-D10DE59AA936}.Debug|Any CPU.ActiveCfg = Debug|Any CPU
		{76D9C37A-B799-4075-867A-D10DE59AA936}.Debug|Any CPU.Build.0 = Debug|Any CPU
		{76D9C37A-B799-4075-867A-D10DE59AA936}.Release|Any CPU.ActiveCfg = Release|Any CPU
		{76D9C37A-B799-4075-867A-D10DE59AA936}.Release|Any CPU.Build.0 = Release|Any CPU
	EndGlobalSection
	GlobalSection(SolutionProperties) = preSolution
		HideSolutionNode = FALSE
	EndGlobalSection
EndGlobal
